
Microsoft Visual Studio Solution File, Format Version 12.00
# Visual Studio Version 17
VisualStudioVersion = 17.13.35825.156 d17.13
MinimumVisualStudioVersion = 10.0.40219.1
Project("{8BC9CEB8-8B4A-11D0-8D11-00A0C91BC942}") = "GitExercise2", "GitExercise2\GitExercise2.vcxproj", "{9D2574D5-D659-4719-9DE3-D9A4C0C26AEA}"
EndProject
Global
	GlobalSection(SolutionConfigurationPlatforms) = preSolution
		Debug|x64 = Debug|x64
		Debug|x86 = Debug|x86
		Release|x64 = Release|x64
		Release|x86 = Release|x86
	EndGlobalSection
	GlobalSection(ProjectConfigurationPlatforms) = postSolution
		{9D2574D5-D659-4719-9DE3-D9A4C0C26AEA}.Debug|x64.ActiveCfg = Debug|x64
		{9D2574D5-D659-4719-9DE3-D9A4C0C26AEA}.Debug|x64.Build.0 = Debug|x64
		{9D2574D5-D659-4719-9DE3-D9A4C0C26AEA}.Debug|x86.ActiveCfg = Debug|Win32
		{9D2574D5-D659-4719-9DE3-D9A4C0C26AEA}.Debug|x86.Build.0 = Debug|Win32
		{9D2574D5-D659-4719-9DE3-D9A4C0C26AEA}.Release|x64.ActiveCfg = Release|x64
		{9D2574D5-D659-4719-9DE3-D9A4C0C26AEA}.Release|x64.Build.0 = Release|x64
		{9D2574D5-D659-4719-9DE3-D9A4C0C26AEA}.Release|x86.ActiveCfg = Release|Win32
		{9D2574D5-D659-4719-9DE3-D9A4C0C26AEA}.Release|x86.Build.0 = Release|Win32
	EndGlobalSection
	GlobalSection(SolutionProperties) = preSolution
		HideSolutionNode = FALSE
	EndGlobalSection
	GlobalSection(ExtensibilityGlobals) = postSolution
		SolutionGuid = {1EA4DA0A-0A29-43BE-B84B-D03175FE1A02}
	EndGlobalSection
EndGlobal
